# This file is automatically @generated by Poetry 1.5.1 and should not be changed by hand.

[[package]]
name = "commentjson"
version = "0.9.0"
description = "Add Python and JavaScript style comments in your JSON files."
optional = false
python-versions = "*"
files = [
    {file = "commentjson-0.9.0.tar.gz", hash = "sha256:42f9f231d97d93aff3286a4dc0de39bfd91ae823d1d9eba9fa901fe0c7113dd4"},
]

[package.dependencies]
lark-parser = ">=0.7.1,<0.8.0"

[[package]]
name = "graphviz"
version = "0.20.3"
description = "Simple Python interface for Graphviz"
optional = false
python-versions = ">=3.8"
files = [
    {file = "graphviz-0.20.3-py3-none-any.whl", hash = "sha256:81f848f2904515d8cd359cc611faba817598d2feaac4027b266aa3eda7b3dde5"},
    {file = "graphviz-0.20.3.zip", hash = "sha256:09d6bc81e6a9fa392e7ba52135a9d49f1ed62526f96499325930e87ca1b5925d"},
]

[package.extras]
dev = ["flake8", "pep8-naming", "tox (>=3)", "twine", "wheel"]
docs = ["sphinx (>=5,<7)", "sphinx-autodoc-typehints", "sphinx-rtd-theme"]
test = ["coverage", "pytest (>=7,<8.1)", "pytest-cov", "pytest-mock (>=3)"]

[[package]]
name = "lark-parser"
version = "0.7.8"
description = "a modern parsing library"
optional = false
python-versions = "*"
files = [
    {file = "lark-parser-0.7.8.tar.gz", hash = "sha256:26215ebb157e6fb2ee74319aa4445b9f3b7e456e26be215ce19fdaaa901c20a4"},
]

[metadata]
lock-version = "2.0"
python-versions = "^3.9"
content-hash = "b9c3ab9ee39d9dd6e2f2e946ef09a75c4298acfef9071ae9c24f654767bc8c6a"
